{
  "name": "@indrolend/indro",
  "version": "0.7.0",
  "lockfileVersion": 3,
  "requires": true,
  "packages": {
    "": {
      "name": "@indrolend/indro",
      "version": "0.7.0",
      "bin": {
        "commandhud": "packages/commandhud/cli.mjs",
        "hud": "packages/commandhud/cli.mjs",
        "i": "packages/indro/cli.mjs",
        "indro": "packages/indro/cli.mjs"
      },
      "engines": {
        "node": ">=20"
      }
    }
  }
}
